{
	"requires": true,
	"lockfileVersion": 1,
	"dependencies": {
		"amqplib": {
			"version": "0.4.2",
			"resolved": "https://registry.npmjs.org/amqplib/-/amqplib-0.4.2.tgz",
			"integrity": "sha1-XkoqkUzLMSX5y5H22gfJeqTLE6Y=",
			"requires": {
				"bitsyntax": "0.0.4",
				"buffer-more-ints": "0.0.2",
				"readable-stream": "1.1.14",
				"when": "3.6.4"
			}
		},
		"bitsyntax": {
			"version": "0.0.4",
			"resolved": "https://registry.npmjs.org/bitsyntax/-/bitsyntax-0.0.4.tgz",
			"integrity": "sha1-6xDMb4K4xJDj6FaY8H6D1G4MuoI=",
			"requires": {
				"buffer-more-ints": "0.0.2"
			}
		},
		"buffer-more-ints": {
			"version": "0.0.2",
			"resolved": "https://registry.npmjs.org/buffer-more-ints/-/buffer-more-ints-0.0.2.tgz",
			"integrity": "sha1-JrOIXRD6E9t/wBquOquHAZngEkw="
		},
		"core-util-is": {
			"version": "1.0.2",
			"resolved": "https://registry.npmjs.org/core-util-is/-/core-util-is-1.0.2.tgz",
			"integrity": "sha1-tf1UIgqivFq1eqtxQMlAdUUDwac="
		},
		"debug": {
			"version": "2.6.9",
			"resolved": "https://registry.npmjs.org/debug/-/debug-2.6.9.tgz",
			"integrity": "sha512-bC7ElrdJaJnPbAP+1EotYvqZsb3ecl5wi6Bfi6BJTUcNowp6cvspg0jXznRTKDjm/E7AdgFBVeAPVMNcKGsHMA==",
			"requires": {
				"ms": "2.0.0"
			}
		},
		"extend": {
			"version": "3.0.1",
			"resolved": "https://registry.npmjs.org/extend/-/extend-3.0.1.tgz",
			"integrity": "sha1-p1Xqe8Gt/MWjHOfnYtuq3F5jZEQ="
		},
		"inherits": {
			"version": "2.0.3",
			"resolved": "https://registry.npmjs.org/inherits/-/inherits-2.0.3.tgz",
			"integrity": "sha1-Yzwsg+PaQqUC9SRmAiSA9CCCYd4="
		},
		"isarray": {
			"version": "0.0.1",
			"resolved": "https://registry.npmjs.org/isarray/-/isarray-0.0.1.tgz",
			"integrity": "sha1-ihis/Kmo9Bd+Cav8YDiTmwXR7t8="
		},
		"ms": {
			"version": "2.0.0",
			"resolved": "https://registry.npmjs.org/ms/-/ms-2.0.0.tgz",
			"integrity": "sha1-VgiurfwAvmwpAd9fmGF4jeDVl8g="
		},
		"node-uuid": {
			"version": "1.4.8",
			"resolved": "https://registry.npmjs.org/node-uuid/-/node-uuid-1.4.8.tgz",
			"integrity": "sha1-sEDrCSOWivq/jTL7HxfxFn/auQc="
		},
		"rabbitmq": {
			"version": "0.0.2",
			"resolved": "https://registry.npmjs.org/rabbitmq/-/rabbitmq-0.0.2.tgz",
			"integrity": "sha1-ahHpE/iaZ7Rixpa5MaVejsVG5MY=",
			"requires": {
				"amqplib": "0.1.3",
				"should": "3.1.4",
				"underscore": "1.6.0"
			},
			"dependencies": {
				"amqplib": {
					"version": "0.1.3",
					"resolved": "https://registry.npmjs.org/amqplib/-/amqplib-0.1.3.tgz",
					"integrity": "sha1-IAwXSvgyJoFaIapiHVX+mesTCmo=",
					"requires": {
						"bitsyntax": "0.0.3",
						"buffer-more-ints": "0.0.2",
						"readable-stream": "1.1.14",
						"when": "2.1.1"
					}
				},
				"bitsyntax": {
					"version": "0.0.3",
					"resolved": "https://registry.npmjs.org/bitsyntax/-/bitsyntax-0.0.3.tgz",
					"integrity": "sha1-+0NBVVd10kr+dWXBU2vwpyHy+yM=",
					"requires": {
						"buffer-more-ints": "0.0.2"
					}
				},
				"when": {
					"version": "2.1.1",
					"resolved": "https://registry.npmjs.org/when/-/when-2.1.1.tgz",
					"integrity": "sha1-83QsKaVwOoCSh89Zk5eEnd6tEb0="
				}
			}
		},
		"readable-id": {
			"version": "0.0.3",
			"resolved": "https://registry.npmjs.org/readable-id/-/readable-id-0.0.3.tgz",
			"integrity": "sha1-Nzg1hvI08xm/ETHk9TpRAOXHsM8=",
			"requires": {
				"shortid": "2.2.8"
			}
		},
		"readable-stream": {
			"version": "1.1.14",
			"resolved": "https://registry.npmjs.org/readable-stream/-/readable-stream-1.1.14.tgz",
			"integrity": "sha1-fPTFTvZI44EwhMY23SB54WbAgdk=",
			"requires": {
				"core-util-is": "1.0.2",
				"inherits": "2.0.3",
				"isarray": "0.0.1",
				"string_decoder": "0.10.31"
			}
		},
		"servicebus": {
			"version": "2.2.0",
			"resolved": "https://registry.npmjs.org/servicebus/-/servicebus-2.2.0.tgz",
			"integrity": "sha512-tzGEhqMpuTJFtUYcgfUJMNQ9SWBK282EMjqWaYKrQBZkvY46N9ABE/2XWOUXji4jcKD4RhZeteecYJ6+8xdpdw==",
			"requires": {
				"amqplib": "0.4.2",
				"debug": "2.6.9",
				"extend": "3.0.1",
				"node-uuid": "1.4.8",
				"readable-id": "0.0.3"
			}
		},
		"shortid": {
			"version": "2.2.8",
			"resolved": "https://registry.npmjs.org/shortid/-/shortid-2.2.8.tgz",
			"integrity": "sha1-AzsRfWoul1gE9vCWnb59PQs1UTE="
		},
		"should": {
			"version": "3.1.4",
			"resolved": "https://registry.npmjs.org/should/-/should-3.1.4.tgz",
			"integrity": "sha1-rCgMbl/J01x31ouV7xvGC9VUpzE="
		},
		"string_decoder": {
			"version": "0.10.31",
			"resolved": "https://registry.npmjs.org/string_decoder/-/string_decoder-0.10.31.tgz",
			"integrity": "sha1-YuIDvEF2bGwoyfyEMB2rHFMQ+pQ="
		},
		"underscore": {
			"version": "1.6.0",
			"resolved": "https://registry.npmjs.org/underscore/-/underscore-1.6.0.tgz",
			"integrity": "sha1-izixDKze9jM3uLJOT/htRa6lKag="
		},
		"when": {
			"version": "3.6.4",
			"resolved": "https://registry.npmjs.org/when/-/when-3.6.4.tgz",
			"integrity": "sha1-RztRfsFZ4rhQBUl6E5g/CVQS404="
		}
	}
}
